// !$*UTF8*$!
{
	archiveVersion = 1;
	classes = {
	};
	objectVersion = 50;
	objects = {

/* Begin PBXBuildFile section */
		FA68B015298E565100221E62 /* Setting Store.swift in Sources */ = {isa = PBXBuildFile; fileRef = FA68B014298E565100221E62 /* Setting Store.swift */; };
		FAC586AD298A93C400F24256 /* AppDelegate.swift in Sources */ = {isa = PBXBuildFile; fileRef = FAC586AC298A93C400F24256 /* AppDelegate.swift */; };
		FAC586AF298A93C400F24256 /* SceneDelegate.swift in Sources */ = {isa = PBXBuildFile; fileRef = FAC586AE298A93C400F24256 /* SceneDelegate.swift */; };
		FAC586B1298A93C400F24256 /* ContentView.swift in Sources */ = {isa = PBXBuildFile; fileRef = FAC586B0298A93C400F24256 /* ContentView.swift */; };
		FAC586B4298A93C400F24256 /* Building_Form_Swift_UI.xcdatamodeld in Sources */ = {isa = PBXBuildFile; fileRef = FAC586B2298A93C400F24256 /* Building_Form_Swift_UI.xcdatamodeld */; };
		FAC586B6298A93CF00F24256 /* Assets.xcassets in Resources */ = {isa = PBXBuildFile; fileRef = FAC586B5298A93CF00F24256 /* Assets.xcassets */; };
		FAC586B9298A93CF00F24256 /* Preview Assets.xcassets in Resources */ = {isa = PBXBuildFile; fileRef = FAC586B8298A93CF00F24256 /* Preview Assets.xcassets */; };
		FAC586BC298A93CF00F24256 /* LaunchScreen.storyboard in Resources */ = {isa = PBXBuildFile; fileRef = FAC586BA298A93CF00F24256 /* LaunchScreen.storyboard */; };
		FAC586C7298AA94C00F24256 /* SettingView.swift in Sources */ = {isa = PBXBuildFile; fileRef = FAC586C6298AA94C00F24256 /* SettingView.swift */; };
/* End PBXBuildFile section */

/* Begin PBXFileReference section */
		FA68B014298E565100221E62 /* Setting Store.swift */ = {isa = PBXFileReference; lastKnownFileType = sourcecode.swift; path = "Setting Store.swift"; sourceTree = "<group>"; };
		FAC586A9298A93C400F24256 /* Building Form Swift_UI.app */ = {isa = PBXFileReference; explicitFileType = wrapper.application; includeInIndex = 0; path = "Building Form Swift_UI.app"; sourceTree = BUILT_PRODUCTS_DIR; };
		FAC586AC298A93C400F24256 /* AppDelegate.swift */ = {isa = PBXFileReference; lastKnownFileType = sourcecode.swift; path = AppDelegate.swift; sourceTree = "<group>"; };
		FAC586AE298A93C400F24256 /* SceneDelegate.swift */ = {isa = PBXFileReference; lastKnownFileType = sourcecode.swift; path = SceneDelegate.swift; sourceTree = "<group>"; };
		FAC586B0298A93C400F24256 /* ContentView.swift */ = {isa = PBXFileReference; lastKnownFileType = sourcecode.swift; path = ContentView.swift; sourceTree = "<group>"; };
		FAC586B3298A93C400F24256 /* Building_Form_Swift_UI.xcdatamodel */ = {isa = PBXFileReference; lastKnownFileType = wrapper.xcdatamodel; path = Building_Form_Swift_UI.xcdatamodel; sourceTree = "<group>"; };
		FAC586B5298A93CF00F24256 /* Assets.xcassets */ = {isa = PBXFileReference; lastKnownFileType = folder.assetcatalog; path = Assets.xcassets; sourceTree = "<group>"; };
		FAC586B8298A93CF00F24256 /* Preview Assets.xcassets */ = {isa = PBXFileReference; lastKnownFileType = folder.assetcatalog; path = "Preview Assets.xcassets"; sourceTree = "<group>"; };
		FAC586BB298A93CF00F24256 /* Base */ = {isa = PBXFileReference; lastKnownFileType = file.storyboard; name = Base; path = Base.lproj/LaunchScreen.storyboard; sourceTree = "<group>"; };
		FAC586BD298A93CF00F24256 /* Info.plist */ = {isa = PBXFileReference; lastKnownFileType = text.plist.xml; path = Info.plist; sourceTree = "<group>"; };
		FAC586C6298AA94C00F24256 /* SettingView.swift */ = {isa = PBXFileReference; lastKnownFileType = sourcecode.swift; path = SettingView.swift; sourceTree = "<group>"; };
/* End PBXFileReference section */

/* Begin PBXFrameworksBuildPhase section */
		FAC586A6298A93C400F24256 /* Frameworks */ = {
			isa = PBXFrameworksBuildPhase;
			buildActionMask = 2147483647;
			files = (
			);
			runOnlyForDeploymentPostprocessing = 0;
		};
/* End PBXFrameworksBuildPhase section */

/* Begin PBXGroup section */
		FAC586A0298A93C400F24256 = {
			isa = PBXGroup;
			children = (
				FAC586AB298A93C400F24256 /* Building Form Swift_UI */,
				FAC586AA298A93C400F24256 /* Products */,
			);
			sourceTree = "<group>";
		};
		FAC586AA298A93C400F24256 /* Products */ = {
			isa = PBXGroup;
			children = (
				FAC586A9298A93C400F24256 /* Building Form Swift_UI.app */,
			);
			name = Products;
			sourceTree = "<group>";
		};
		FAC586AB298A93C400F24256 /* Building Form Swift_UI */ = {
			isa = PBXGroup;
			children = (
				FAC586AC298A93C400F24256 /* AppDelegate.swift */,
				FAC586AE298A93C400F24256 /* SceneDelegate.swift */,
				FAC586B0298A93C400F24256 /* ContentView.swift */,
				FAC586C6298AA94C00F24256 /* SettingView.swift */,
				FAC586B5298A93CF00F24256 /* Assets.xcassets */,
				FAC586BA298A93CF00F24256 /* LaunchScreen.storyboard */,
				FAC586BD298A93CF00F24256 /* Info.plist */,
				FAC586B2298A93C400F24256 /* Building_Form_Swift_UI.xcdatamodeld */,
				FAC586B7298A93CF00F24256 /* Preview Content */,
				FA68B014298E565100221E62 /* Setting Store.swift */,
			);
			path = "Building Form Swift_UI";
			sourceTree = "<group>";
		};
		FAC586B7298A93CF00F24256 /* Preview Content */ = {
			isa = PBXGroup;
			children = (
				FAC586B8298A93CF00F24256 /* Preview Assets.xcassets */,
			);
			path = "Preview Content";
			sourceTree = "<group>";
		};
/* End PBXGroup section */

/* Begin PBXNativeTarget section */
		FAC586A8298A93C400F24256 /* Building Form Swift_UI */ = {
			isa = PBXNativeTarget;
			buildConfigurationList = FAC586C0298A93CF00F24256 /* Build configuration list for PBXNativeTarget "Building Form Swift_UI" */;
			buildPhases = (
				FAC586A5298A93C400F24256 /* Sources */,
				FAC586A6298A93C400F24256 /* Frameworks */,
				FAC586A7298A93C400F24256 /* Resources */,
			);
			buildRules = (
			);
			dependencies = (
			);
			name = "Building Form Swift_UI";
			productName = "Building Form Swift_UI";
			productReference = FAC586A9298A93C400F24256 /* Building Form Swift_UI.app */;
			productType = "com.apple.product-type.application";
		};
/* End PBXNativeTarget section */

/* Begin PBXProject section */
		FAC586A1298A93C400F24256 /* Project object */ = {
			isa = PBXProject;
			attributes = {
				LastSwiftUpdateCheck = 1240;
				LastUpgradeCheck = 1240;
				TargetAttributes = {
					FAC586A8298A93C400F24256 = {
						CreatedOnToolsVersion = 12.4;
					};
				};
			};
			buildConfigurationList = FAC586A4298A93C400F24256 /* Build configuration list for PBXProject "Building Form Swift_UI" */;
			compatibilityVersion = "Xcode 9.3";
			developmentRegion = en;
			hasScannedForEncodings = 0;
			knownRegions = (
				en,
				Base,
			);
			mainGroup = FAC586A0298A93C400F24256;
			productRefGroup = FAC586AA298A93C400F24256 /* Products */;
			projectDirPath = "";
			projectRoot = "";
			targets = (
				FAC586A8298A93C400F24256 /* Building Form Swift_UI */,
			);
		};
/* End PBXProject section */

/* Begin PBXResourcesBuildPhase section */
		FAC586A7298A93C400F24256 /* Resources */ = {
			isa = PBXResourcesBuildPhase;
			buildActionMask = 2147483647;
			files = (
				FAC586BC298A93CF00F24256 /* LaunchScreen.storyboard in Resources */,
				FAC586B9298A93CF00F24256 /* Preview Assets.xcassets in Resources */,
				FAC586B6298A93CF00F24256 /* Assets.xcassets in Resources */,
			);
			runOnlyForDeploymentPostprocessing = 0;
		};
/* End PBXResourcesBuildPhase section */

/* Begin PBXSourcesBuildPhase section */
		FAC586A5298A93C400F24256 /* Sources */ = {
			isa = PBXSourcesBuildPhase;
			buildActionMask = 2147483647;
			files = (
				FA68B015298E565100221E62 /* Setting Store.swift in Sources */,
				FAC586AD298A93C400F24256 /* AppDelegate.swift in Sources */,
				FAC586C7298AA94C00F24256 /* SettingView.swift in Sources */,
				FAC586B4298A93C400F24256 /* Building_Form_Swift_UI.xcdatamodeld in Sources */,
				FAC586AF298A93C400F24256 /* SceneDelegate.swift in Sources */,
				FAC586B1298A93C400F24256 /* ContentView.swift in Sources */,
			);
			runOnlyForDeploymentPostprocessing = 0;
		};
/* End PBXSourcesBuildPhase section */

/* Begin PBXVariantGroup section */
		FAC586BA298A93CF00F24256 /* LaunchScreen.storyboard */ = {
			isa = PBXVariantGroup;
			children = (
				FAC586BB298A93CF00F24256 /* Base */,
			);
			name = LaunchScreen.storyboard;
			sourceTree = "<group>";
		};
/* End PBXVariantGroup section */

/* Begin XCBuildConfiguration section */
		FAC586BE298A93CF00F24256 /* Debug */ = {
			isa = XCBuildConfiguration;
			buildSettings = {
				ALWAYS_SEARCH_USER_PATHS = NO;
				CLANG_ANALYZER_NONNULL = YES;
				CLANG_ANALYZER_NUMBER_OBJECT_CONVERSION = YES_AGGRESSIVE;
				CLANG_CXX_LANGUAGE_STANDARD = "gnu++14";
				CLANG_CXX_LIBRARY = "libc++";
				CLANG_ENABLE_MODULES = YES;
				CLANG_ENABLE_OBJC_ARC = YES;
				CLANG_ENABLE_OBJC_WEAK = YES;
				CLANG_WARN_BLOCK_CAPTURE_AUTORELEASING = YES;
				CLANG_WARN_BOOL_CONVERSION = YES;
				CLANG_WARN_COMMA = YES;
				CLANG_WARN_CONSTANT_CONVERSION = YES;
				CLANG_WARN_DEPRECATED_OBJC_IMPLEMENTATIONS = YES;
				CLANG_WARN_DIRECT_OBJC_ISA_USAGE = YES_ERROR;
				CLANG_WARN_DOCUMENTATION_COMMENTS = YES;
				CLANG_WARN_EMPTY_BODY = YES;
				CLANG_WARN_ENUM_CONVERSION = YES;
				CLANG_WARN_INFINITE_RECURSION = YES;
				CLANG_WARN_INT_CONVERSION = YES;
				CLANG_WARN_NON_LITERAL_NULL_CONVERSION = YES;
				CLANG_WARN_OBJC_IMPLICIT_RETAIN_SELF = YES;
				CLANG_WARN_OBJC_LITERAL_CONVERSION = YES;
				CLANG_WARN_OBJC_ROOT_CLASS = YES_ERROR;
				CLANG_WARN_QUOTED_INCLUDE_IN_FRAMEWORK_HEADER = YES;
				CLANG_WARN_RANGE_LOOP_ANALYSIS = YES;
				CLANG_WARN_STRICT_PROTOTYPES = YES;
				CLANG_WARN_SUSPICIOUS_MOVE = YES;
				CLANG_WARN_UNGUARDED_AVAILABILITY = YES_AGGRESSIVE;
				CLANG_WARN_UNREACHABLE_CODE = YES;
				CLANG_WARN__DUPLICATE_METHOD_MATCH = YES;
				COPY_PHASE_STRIP = NO;
				DEBUG_INFORMATION_FORMAT = dwarf;
				ENABLE_STRICT_OBJC_MSGSEND = YES;
				ENABLE_TESTABILITY = YES;
				GCC_C_LANGUAGE_STANDARD = gnu11;
				GCC_DYNAMIC_NO_PIC = NO;
				GCC_NO_COMMON_BLOCKS = YES;
				GCC_OPTIMIZATION_LEVEL = 0;
				GCC_PREPROCESSOR_DEFINITIONS = (
					"DEBUG=1",
					"$(inherited)",
				);
				GCC_WARN_64_TO_32_BIT_CONVERSION = YES;
				GCC_WARN_ABOUT_RETURN_TYPE = YES_ERROR;
				GCC_WARN_UNDECLARED_SELECTOR = YES;
				GCC_WARN_UNINITIALIZED_AUTOS = YES_AGGRESSIVE;
				GCC_WARN_UNUSED_FUNCTION = YES;
				GCC_WARN_UNUSED_VARIABLE = YES;
				IPHONEOS_DEPLOYMENT_TARGET = 14.4;
				MTL_ENABLE_DEBUG_INFO = INCLUDE_SOURCE;
				MTL_FAST_MATH = YES;
				ONLY_ACTIVE_ARCH = YES;
				SDKROOT = iphoneos;
				SWIFT_ACTIVE_COMPILATION_CONDITIONS = DEBUG;
				SWIFT_OPTIMIZATION_LEVEL = "-Onone";
			};
			name = Debug;
		};
		FAC586BF298A93CF00F24256 /* Release */ = {
			isa = XCBuildConfiguration;
			buildSettings = {
				ALWAYS_SEARCH_USER_PATHS = NO;
				CLANG_ANALYZER_NONNULL = YES;
				CLANG_ANALYZER_NUMBER_OBJECT_CONVERSION = YES_AGGRESSIVE;
				CLANG_CXX_LANGUAGE_STANDARD = "gnu++14";
				CLANG_CXX_LIBRARY = "libc++";
				CLANG_ENABLE_MODULES = YES;
				CLANG_ENABLE_OBJC_ARC = YES;
				CLANG_ENABLE_OBJC_WEAK = YES;
				CLANG_WARN_BLOCK_CAPTURE_AUTORELEASING = YES;
				CLANG_WARN_BOOL_CONVERSION = YES;
				CLANG_WARN_COMMA = YES;
				CLANG_WARN_CONSTANT_CONVERSION = YES;
				CLANG_WARN_DEPRECATED_OBJC_IMPLEMENTATIONS = YES;
				CLANG_WARN_DIRECT_OBJC_ISA_USAGE = YES_ERROR;
				CLANG_WARN_DOCUMENTATION_COMMENTS = YES;
				CLANG_WARN_EMPTY_BODY = YES;
				CLANG_WARN_ENUM_CONVERSION = YES;
				CLANG_WARN_INFINITE_RECURSION = YES;
				CLANG_WARN_INT_CONVERSION = YES;
				CLANG_WARN_NON_LITERAL_NULL_CONVERSION = YES;
				CLANG_WARN_OBJC_IMPLICIT_RETAIN_SELF = YES;
				CLANG_WARN_OBJC_LITERAL_CONVERSION = YES;
				CLANG_WARN_OBJC_ROOT_CLASS = YES_ERROR;
				CLANG_WARN_QUOTED_INCLUDE_IN_FRAMEWORK_HEADER = YES;
				CLANG_WARN_RANGE_LOOP_ANALYSIS = YES;
				CLANG_WARN_STRICT_PROTOTYPES = YES;
				CLANG_WARN_SUSPICIOUS_MOVE = YES;
				CLANG_WARN_UNGUARDED_AVAILABILITY = YES_AGGRESSIVE;
				CLANG_WARN_UNREACHABLE_CODE = YES;
				CLANG_WARN__DUPLICATE_METHOD_MATCH = YES;
				COPY_PHASE_STRIP = NO;
				DEBUG_INFORMATION_FORMAT = "dwarf-with-dsym";
				ENABLE_NS_ASSERTIONS = NO;
				ENABLE_STRICT_OBJC_MSGSEND = YES;
				GCC_C_LANGUAGE_STANDARD = gnu11;
				GCC_NO_COMMON_BLOCKS = YES;
				GCC_WARN_64_TO_32_BIT_CONVERSION = YES;
				GCC_WARN_ABOUT_RETURN_TYPE = YES_ERROR;
				GCC_WARN_UNDECLARED_SELECTOR = YES;
				GCC_WARN_UNINITIALIZED_AUTOS = YES_AGGRESSIVE;
				GCC_WARN_UNUSED_FUNCTION = YES;
				GCC_WARN_UNUSED_VARIABLE = YES;
				IPHONEOS_DEPLOYMENT_TARGET = 14.4;
				MTL_ENABLE_DEBUG_INFO = NO;
				MTL_FAST_MATH = YES;
				SDKROOT = iphoneos;
				SWIFT_COMPILATION_MODE = wholemodule;
				SWIFT_OPTIMIZATION_LEVEL = "-O";
				VALIDATE_PRODUCT = YES;
			};
			name = Release;
		};
		FAC586C1298A93CF00F24256 /* Debug */ = {
			isa = XCBuildConfiguration;
			buildSettings = {
				ASSETCATALOG_COMPILER_APPICON_NAME = AppIcon;
				ASSETCATALOG_COMPILER_GLOBAL_ACCENT_COLOR_NAME = AccentColor;
				CODE_SIGN_STYLE = Automatic;
				DEVELOPMENT_ASSET_PATHS = "\"Building Form Swift_UI/Preview Content\"";
				DEVELOPMENT_TEAM = 5562M3PVU5;
				ENABLE_PREVIEWS = YES;
				INFOPLIST_FILE = "Building Form Swift_UI/Info.plist";
				LD_RUNPATH_SEARCH_PATHS = (
					"$(inherited)",
					"@executable_path/Frameworks",
				);
				PRODUCT_BUNDLE_IDENTIFIER = "com.Abdelrhman.Building-Form-Swift-UI";
				PRODUCT_NAME = "$(TARGET_NAME)";
				SWIFT_VERSION = 5.0;
				TARGETED_DEVICE_FAMILY = "1,2";
			};
			name = Debug;
		};
		FAC586C2298A93CF00F24256 /* Release */ = {
			isa = XCBuildConfiguration;
			buildSettings = {
				ASSETCATALOG_COMPILER_APPICON_NAME = AppIcon;
				ASSETCATALOG_COMPILER_GLOBAL_ACCENT_COLOR_NAME = AccentColor;
				CODE_SIGN_STYLE = Automatic;
				DEVELOPMENT_ASSET_PATHS = "\"Building Form Swift_UI/Preview Content\"";
				DEVELOPMENT_TEAM = 5562M3PVU5;
				ENABLE_PREVIEWS = YES;
				INFOPLIST_FILE = "Building Form Swift_UI/Info.plist";
				LD_RUNPATH_SEARCH_PATHS = (
					"$(inherited)",
					"@executable_path/Frameworks",
				);
				PRODUCT_BUNDLE_IDENTIFIER = "com.Abdelrhman.Building-Form-Swift-UI";
				PRODUCT_NAME = "$(TARGET_NAME)";
				SWIFT_VERSION = 5.0;
				TARGETED_DEVICE_FAMILY = "1,2";
			};
			name = Release;
		};
/* End XCBuildConfiguration section */

/* Begin XCConfigurationList section */
		FAC586A4298A93C400F24256 /* Build configuration list for PBXProject "Building Form Swift_UI" */ = {
			isa = XCConfigurationList;
			buildConfigurations = (
				FAC586BE298A93CF00F24256 /* Debug */,
				FAC586BF298A93CF00F24256 /* Release */,
			);
			defaultConfigurationIsVisible = 0;
			defaultConfigurationName = Release;
		};
		FAC586C0298A93CF00F24256 /* Build configuration list for PBXNativeTarget "Building Form Swift_UI" */ = {
			isa = XCConfigurationList;
			buildConfigurations = (
				FAC586C1298A93CF00F24256 /* Debug */,
				FAC586C2298A93CF00F24256 /* Release */,
			);
			defaultConfigurationIsVisible = 0;
			defaultConfigurationName = Release;
		};
/* End XCConfigurationList section */

/* Begin XCVersionGroup section */
		FAC586B2298A93C400F24256 /* Building_Form_Swift_UI.xcdatamodeld */ = {
			isa = XCVersionGroup;
			children = (
				FAC586B3298A93C400F24256 /* Building_Form_Swift_UI.xcdatamodel */,
			);
			currentVersion = FAC586B3298A93C400F24256 /* Building_Form_Swift_UI.xcdatamodel */;
			path = Building_Form_Swift_UI.xcdatamodeld;
			sourceTree = "<group>";
			versionGroupType = wrapper.xcdatamodel;
		};
/* End XCVersionGroup section */
	};
	rootObject = FAC586A1298A93C400F24256 /* Project object */;
}
